
Microsoft Visual Studio Solution File, Format Version 12.00
# Visual Studio 15
VisualStudioVersion = 15.0.28307.902
MinimumVisualStudioVersion = 10.0.40219.1
Project("{FAE04EC0-301F-11D3-BF4B-00C04F79EFBC}") = "Producer", "Producer\Producer.csproj", "{12A34CF0-5B85-4F85-B18F-3D4BAB94861B}"
EndProject
Project("{FAE04EC0-301F-11D3-BF4B-00C04F79EFBC}") = "Messages", "Messages\Messages.csproj", "{754189BB-B2B0-4C29-A4D8-4F539F6342FA}"
EndProject
Project("{FAE04EC0-301F-11D3-BF4B-00C04F79EFBC}") = "Consumer", "Consumer\Consumer.csproj", "{28458E51-1C04-4575-B63C-7D1224BECC18}"
EndProject
Global
	GlobalSection(SolutionConfigurationPlatforms) = preSolution
		Debug|Any CPU = Debug|Any CPU
		Release|Any CPU = Release|Any CPU
	EndGlobalSection
	GlobalSection(ProjectConfigurationPlatforms) = postSolution
		{12A34CF0-5B85-4F85-B18F-3D4BAB94861B}.Debug|Any CPU.ActiveCfg = Debug|Any CPU
		{12A34CF0-5B85-4F85-B18F-3D4BAB94861B}.Debug|Any CPU.Build.0 = Debug|Any CPU
		{12A34CF0-5B85-4F85-B18F-3D4BAB94861B}.Release|Any CPU.ActiveCfg = Release|Any CPU
		{12A34CF0-5B85-4F85-B18F-3D4BAB94861B}.Release|Any CPU.Build.0 = Release|Any CPU
		{754189BB-B2B0-4C29-A4D8-4F539F6342FA}.Debug|Any CPU.ActiveCfg = Debug|Any CPU
		{754189BB-B2B0-4C29-A4D8-4F539F6342FA}.Debug|Any CPU.Build.0 = Debug|Any CPU
		{754189BB-B2B0-4C29-A4D8-4F539F6342FA}.Release|Any CPU.ActiveCfg = Release|Any CPU
		{754189BB-B2B0-4C29-A4D8-4F539F6342FA}.Release|Any CPU.Build.0 = Release|Any CPU
		{28458E51-1C04-4575-B63C-7D1224BECC18}.Debug|Any CPU.ActiveCfg = Debug|Any CPU
		{28458E51-1C04-4575-B63C-7D1224BECC18}.Debug|Any CPU.Build.0 = Debug|Any CPU
		{28458E51-1C04-4575-B63C-7D1224BECC18}.Release|Any CPU.ActiveCfg = Release|Any CPU
		{28458E51-1C04-4575-B63C-7D1224BECC18}.Release|Any CPU.Build.0 = Release|Any CPU
	EndGlobalSection
	GlobalSection(SolutionProperties) = preSolution
		HideSolutionNode = FALSE
	EndGlobalSection
	GlobalSection(ExtensibilityGlobals) = postSolution
		SolutionGuid = {BE4AF2AD-FD19-462A-BFFB-8C081D4DBCF5}
	EndGlobalSection
EndGlobal
